// !$*UTF8*$!
{
	archiveVersion = 1;
	classes = {
	};
	objectVersion = 56;
	objects = {

/* Begin PBXBuildFile section */
		214B4BAB2948FCC300273AB8 /* LoginManager.swift in Sources */ = {isa = PBXBuildFile; fileRef = 214B4BAA2948FCC300273AB8 /* LoginManager.swift */; };
		214B4BAE2949007400273AB8 /* RxCocoa in Frameworks */ = {isa = PBXBuildFile; productRef = 214B4BAD2949007400273AB8 /* RxCocoa */; };
		214B4BB02949007400273AB8 /* RxSwift in Frameworks */ = {isa = PBXBuildFile; productRef = 214B4BAF2949007400273AB8 /* RxSwift */; };
		21839E092944258B00307F63 /* MainTabViewController.swift in Sources */ = {isa = PBXBuildFile; fileRef = 21839E082944258B00307F63 /* MainTabViewController.swift */; };
		21839E0D29444C3900307F63 /* ImageLiteral.swift in Sources */ = {isa = PBXBuildFile; fileRef = 21839E0C29444C3900307F63 /* ImageLiteral.swift */; };
		21839E1129444D4C00307F63 /* ProfileViewController.swift in Sources */ = {isa = PBXBuildFile; fileRef = 21839E1029444D4C00307F63 /* ProfileViewController.swift */; };
		21839E1329444D5500307F63 /* SearchViewController.swift in Sources */ = {isa = PBXBuildFile; fileRef = 21839E1229444D5500307F63 /* SearchViewController.swift */; };
		21839E1529444F5000307F63 /* LoginLogoutButton.swift in Sources */ = {isa = PBXBuildFile; fileRef = 21839E1429444F5000307F63 /* LoginLogoutButton.swift */; };
		2188A7EA2943569C00161145 /* BaseViewController.swift in Sources */ = {isa = PBXBuildFile; fileRef = 2188A7E92943569C00161145 /* BaseViewController.swift */; };
		2188A7EC294358A300161145 /* Authorization.swift in Sources */ = {isa = PBXBuildFile; fileRef = 2188A7EB294358A300161145 /* Authorization.swift */; };
		2188A7EE29435D7600161145 /* ClientInfo.plist in Resources */ = {isa = PBXBuildFile; fileRef = 2188A7ED29435D7600161145 /* ClientInfo.plist */; };
		2188A7F029435DEE00161145 /* GithubApp++Bundle.swift in Sources */ = {isa = PBXBuildFile; fileRef = 2188A7EF29435DEE00161145 /* GithubApp++Bundle.swift */; };
		2188A7F229436B4400161145 /* RepositoryLisense.swift in Sources */ = {isa = PBXBuildFile; fileRef = 2188A7F129436B4400161145 /* RepositoryLisense.swift */; };
		2188A7F429436B5A00161145 /* RepositoryOrganization.swift in Sources */ = {isa = PBXBuildFile; fileRef = 2188A7F329436B5A00161145 /* RepositoryOrganization.swift */; };
		2188A7F629436B7F00161145 /* RepositoryPermission.swift in Sources */ = {isa = PBXBuildFile; fileRef = 2188A7F529436B7F00161145 /* RepositoryPermission.swift */; };
		2188A7F829436B9B00161145 /* RepositoryParent.swift in Sources */ = {isa = PBXBuildFile; fileRef = 2188A7F729436B9B00161145 /* RepositoryParent.swift */; };
		2188A7FA29436BB300161145 /* RepositoryOwner.swift in Sources */ = {isa = PBXBuildFile; fileRef = 2188A7F929436BB300161145 /* RepositoryOwner.swift */; };
		2188A7FC29436C0D00161145 /* UserPlan.swift in Sources */ = {isa = PBXBuildFile; fileRef = 2188A7FB29436C0D00161145 /* UserPlan.swift */; };
		218B919629483DBA009E6FFE /* Repository.swift in Sources */ = {isa = PBXBuildFile; fileRef = 218B919529483DBA009E6FFE /* Repository.swift */; };
		218B919829483E2E009E6FFE /* RepositoryTableViewCell.swift in Sources */ = {isa = PBXBuildFile; fileRef = 218B919729483E2E009E6FFE /* RepositoryTableViewCell.swift */; };
		218B919A29483E63009E6FFE /* BaseTableViewCell.swift in Sources */ = {isa = PBXBuildFile; fileRef = 218B919929483E63009E6FFE /* BaseTableViewCell.swift */; };
		218B919C2948A10E009E6FFE /* UserProfileView.swift in Sources */ = {isa = PBXBuildFile; fileRef = 218B919B2948A10E009E6FFE /* UserProfileView.swift */; };
		218D58EA2949E09D004EE4B6 /* User.swift in Sources */ = {isa = PBXBuildFile; fileRef = 218D58E92949E09D004EE4B6 /* User.swift */; };
		218D58EC2949E0B0004EE4B6 /* SearchViewController+Extension.swift in Sources */ = {isa = PBXBuildFile; fileRef = 218D58EB2949E0B0004EE4B6 /* SearchViewController+Extension.swift */; };
		218D58EE2949E274004EE4B6 /* ProfileViewController+Extension.swift in Sources */ = {isa = PBXBuildFile; fileRef = 218D58ED2949E274004EE4B6 /* ProfileViewController+Extension.swift */; };
		21AF7D2429448FEA00510F32 /* UIColor+Extension.swift in Sources */ = {isa = PBXBuildFile; fileRef = 21AF7D2329448FEA00510F32 /* UIColor+Extension.swift */; };
		21E92AE12942B04B0034357B /* Alamofire in Frameworks */ = {isa = PBXBuildFile; productRef = 21E92AE02942B04B0034357B /* Alamofire */; };
		21E92AE32942B0F00034357B /* KeychainManager.swift in Sources */ = {isa = PBXBuildFile; fileRef = 21E92AE22942B0F00034357B /* KeychainManager.swift */; };
		21E92AE5294310540034357B /* UserResponse.swift in Sources */ = {isa = PBXBuildFile; fileRef = 21E92AE4294310540034357B /* UserResponse.swift */; };
		21E92AF129431A260034357B /* RepositoryResponse.swift in Sources */ = {isa = PBXBuildFile; fileRef = 21E92AEB29431A260034357B /* RepositoryResponse.swift */; };
		21E92AF72943245B0034357B /* SearchRepositoriesItem.swift in Sources */ = {isa = PBXBuildFile; fileRef = 21E92AF62943245B0034357B /* SearchRepositoriesItem.swift */; };
		21E92AF92943246E0034357B /* SearchRepositoriesOwner.swift in Sources */ = {isa = PBXBuildFile; fileRef = 21E92AF82943246E0034357B /* SearchRepositoriesOwner.swift */; };
		21E92AFB294324880034357B /* SearchRepositoriesResponse.swift in Sources */ = {isa = PBXBuildFile; fileRef = 21E92AFA294324880034357B /* SearchRepositoriesResponse.swift */; };
		21FD54C12941687400A26685 /* AppDelegate.swift in Sources */ = {isa = PBXBuildFile; fileRef = 21FD54C02941687400A26685 /* AppDelegate.swift */; };
		21FD54C32941687400A26685 /* SceneDelegate.swift in Sources */ = {isa = PBXBuildFile; fileRef = 21FD54C22941687400A26685 /* SceneDelegate.swift */; };
		21FD54C82941687400A26685 /* Main.storyboard in Resources */ = {isa = PBXBuildFile; fileRef = 21FD54C62941687400A26685 /* Main.storyboard */; };
		21FD54CA2941687500A26685 /* Assets.xcassets in Resources */ = {isa = PBXBuildFile; fileRef = 21FD54C92941687500A26685 /* Assets.xcassets */; };
		21FD54CD2941687500A26685 /* LaunchScreen.storyboard in Resources */ = {isa = PBXBuildFile; fileRef = 21FD54CB2941687500A26685 /* LaunchScreen.storyboard */; };
		21FD54E02941CE2400A26685 /* GithubManager.swift in Sources */ = {isa = PBXBuildFile; fileRef = 21FD54DF2941CE2400A26685 /* GithubManager.swift */; };
		21FD54E32941D17600A26685 /* SnapKit in Frameworks */ = {isa = PBXBuildFile; productRef = 21FD54E22941D17600A26685 /* SnapKit */; };
/* End PBXBuildFile section */

/* Begin PBXFileReference section */
		214B4BAA2948FCC300273AB8 /* LoginManager.swift */ = {isa = PBXFileReference; lastKnownFileType = sourcecode.swift; path = LoginManager.swift; sourceTree = "<group>"; };
		21839E082944258B00307F63 /* MainTabViewController.swift */ = {isa = PBXFileReference; lastKnownFileType = sourcecode.swift; path = MainTabViewController.swift; sourceTree = "<group>"; };
		21839E0C29444C3900307F63 /* ImageLiteral.swift */ = {isa = PBXFileReference; lastKnownFileType = sourcecode.swift; name = ImageLiteral.swift; path = GithubApp/Global/Base/ImageLiteral.swift; sourceTree = SOURCE_ROOT; };
		21839E1029444D4C00307F63 /* ProfileViewController.swift */ = {isa = PBXFileReference; lastKnownFileType = sourcecode.swift; path = ProfileViewController.swift; sourceTree = "<group>"; };
		21839E1229444D5500307F63 /* SearchViewController.swift */ = {isa = PBXFileReference; lastKnownFileType = sourcecode.swift; path = SearchViewController.swift; sourceTree = "<group>"; };
		21839E1429444F5000307F63 /* LoginLogoutButton.swift */ = {isa = PBXFileReference; lastKnownFileType = sourcecode.swift; path = LoginLogoutButton.swift; sourceTree = "<group>"; };
		2188A7E92943569C00161145 /* BaseViewController.swift */ = {isa = PBXFileReference; lastKnownFileType = sourcecode.swift; path = BaseViewController.swift; sourceTree = "<group>"; };
		2188A7EB294358A300161145 /* Authorization.swift */ = {isa = PBXFileReference; lastKnownFileType = sourcecode.swift; path = Authorization.swift; sourceTree = "<group>"; };
		2188A7ED29435D7600161145 /* ClientInfo.plist */ = {isa = PBXFileReference; lastKnownFileType = text.plist.xml; path = ClientInfo.plist; sourceTree = "<group>"; };
		2188A7EF29435DEE00161145 /* GithubApp++Bundle.swift */ = {isa = PBXFileReference; lastKnownFileType = sourcecode.swift; path = "GithubApp++Bundle.swift"; sourceTree = "<group>"; };
		2188A7F129436B4400161145 /* RepositoryLisense.swift */ = {isa = PBXFileReference; lastKnownFileType = sourcecode.swift; path = RepositoryLisense.swift; sourceTree = "<group>"; };
		2188A7F329436B5A00161145 /* RepositoryOrganization.swift */ = {isa = PBXFileReference; lastKnownFileType = sourcecode.swift; path = RepositoryOrganization.swift; sourceTree = "<group>"; };
		2188A7F529436B7F00161145 /* RepositoryPermission.swift */ = {isa = PBXFileReference; lastKnownFileType = sourcecode.swift; path = RepositoryPermission.swift; sourceTree = "<group>"; };
		2188A7F729436B9B00161145 /* RepositoryParent.swift */ = {isa = PBXFileReference; lastKnownFileType = sourcecode.swift; path = RepositoryParent.swift; sourceTree = "<group>"; };
		2188A7F929436BB300161145 /* RepositoryOwner.swift */ = {isa = PBXFileReference; lastKnownFileType = sourcecode.swift; path = RepositoryOwner.swift; sourceTree = "<group>"; };
		2188A7FB29436C0D00161145 /* UserPlan.swift */ = {isa = PBXFileReference; lastKnownFileType = sourcecode.swift; path = UserPlan.swift; sourceTree = "<group>"; };
		218B919529483DBA009E6FFE /* Repository.swift */ = {isa = PBXFileReference; lastKnownFileType = sourcecode.swift; path = Repository.swift; sourceTree = "<group>"; };
		218B919729483E2E009E6FFE /* RepositoryTableViewCell.swift */ = {isa = PBXFileReference; lastKnownFileType = sourcecode.swift; path = RepositoryTableViewCell.swift; sourceTree = "<group>"; };
		218B919929483E63009E6FFE /* BaseTableViewCell.swift */ = {isa = PBXFileReference; lastKnownFileType = sourcecode.swift; path = BaseTableViewCell.swift; sourceTree = "<group>"; };
		218B919B2948A10E009E6FFE /* UserProfileView.swift */ = {isa = PBXFileReference; lastKnownFileType = sourcecode.swift; path = UserProfileView.swift; sourceTree = "<group>"; };
		218D58E92949E09D004EE4B6 /* User.swift */ = {isa = PBXFileReference; lastKnownFileType = sourcecode.swift; path = User.swift; sourceTree = "<group>"; };
		218D58EB2949E0B0004EE4B6 /* SearchViewController+Extension.swift */ = {isa = PBXFileReference; lastKnownFileType = sourcecode.swift; path = "SearchViewController+Extension.swift"; sourceTree = "<group>"; };
		218D58ED2949E274004EE4B6 /* ProfileViewController+Extension.swift */ = {isa = PBXFileReference; lastKnownFileType = sourcecode.swift; path = "ProfileViewController+Extension.swift"; sourceTree = "<group>"; };
		21AF7D2329448FEA00510F32 /* UIColor+Extension.swift */ = {isa = PBXFileReference; lastKnownFileType = sourcecode.swift; path = "UIColor+Extension.swift"; sourceTree = "<group>"; };
		21E92AE22942B0F00034357B /* KeychainManager.swift */ = {isa = PBXFileReference; lastKnownFileType = sourcecode.swift; path = KeychainManager.swift; sourceTree = "<group>"; };
		21E92AE4294310540034357B /* UserResponse.swift */ = {isa = PBXFileReference; lastKnownFileType = sourcecode.swift; path = UserResponse.swift; sourceTree = "<group>"; };
		21E92AEB29431A260034357B /* RepositoryResponse.swift */ = {isa = PBXFileReference; fileEncoding = 4; lastKnownFileType = sourcecode.swift; path = RepositoryResponse.swift; sourceTree = "<group>"; };
		21E92AF62943245B0034357B /* SearchRepositoriesItem.swift */ = {isa = PBXFileReference; lastKnownFileType = sourcecode.swift; path = SearchRepositoriesItem.swift; sourceTree = "<group>"; };
		21E92AF82943246E0034357B /* SearchRepositoriesOwner.swift */ = {isa = PBXFileReference; lastKnownFileType = sourcecode.swift; path = SearchRepositoriesOwner.swift; sourceTree = "<group>"; };
		21E92AFA294324880034357B /* SearchRepositoriesResponse.swift */ = {isa = PBXFileReference; lastKnownFileType = sourcecode.swift; path = SearchRepositoriesResponse.swift; sourceTree = "<group>"; };
		21FD54BD2941687400A26685 /* GithubApp.app */ = {isa = PBXFileReference; explicitFileType = wrapper.application; includeInIndex = 0; path = GithubApp.app; sourceTree = BUILT_PRODUCTS_DIR; };
		21FD54C02941687400A26685 /* AppDelegate.swift */ = {isa = PBXFileReference; lastKnownFileType = sourcecode.swift; path = AppDelegate.swift; sourceTree = "<group>"; };
		21FD54C22941687400A26685 /* SceneDelegate.swift */ = {isa = PBXFileReference; lastKnownFileType = sourcecode.swift; path = SceneDelegate.swift; sourceTree = "<group>"; };
		21FD54C72941687400A26685 /* Base */ = {isa = PBXFileReference; lastKnownFileType = file.storyboard; name = Base; path = Base.lproj/Main.storyboard; sourceTree = "<group>"; };
		21FD54C92941687500A26685 /* Assets.xcassets */ = {isa = PBXFileReference; lastKnownFileType = folder.assetcatalog; path = Assets.xcassets; sourceTree = "<group>"; };
		21FD54CC2941687500A26685 /* Base */ = {isa = PBXFileReference; lastKnownFileType = file.storyboard; name = Base; path = Base.lproj/LaunchScreen.storyboard; sourceTree = "<group>"; };
		21FD54CE2941687500A26685 /* Info.plist */ = {isa = PBXFileReference; lastKnownFileType = text.plist.xml; path = Info.plist; sourceTree = "<group>"; };
		21FD54DF2941CE2400A26685 /* GithubManager.swift */ = {isa = PBXFileReference; lastKnownFileType = sourcecode.swift; path = GithubManager.swift; sourceTree = "<group>"; };
/* End PBXFileReference section */

/* Begin PBXFrameworksBuildPhase section */
		21FD54BA2941687300A26685 /* Frameworks */ = {
			isa = PBXFrameworksBuildPhase;
			buildActionMask = 2147483647;
			files = (
				214B4BAE2949007400273AB8 /* RxCocoa in Frameworks */,
				21FD54E32941D17600A26685 /* SnapKit in Frameworks */,
				214B4BB02949007400273AB8 /* RxSwift in Frameworks */,
				21E92AE12942B04B0034357B /* Alamofire in Frameworks */,
			);
			runOnlyForDeploymentPostprocessing = 0;
		};
/* End PBXFrameworksBuildPhase section */

/* Begin PBXGroup section */
		21839E0E29444D3A00307F63 /* Search */ = {
			isa = PBXGroup;
			children = (
				21839E1229444D5500307F63 /* SearchViewController.swift */,
				218D58EB2949E0B0004EE4B6 /* SearchViewController+Extension.swift */,
			);
			path = Search;
			sourceTree = "<group>";
		};
		21839E0F29444D3F00307F63 /* Profile */ = {
			isa = PBXGroup;
			children = (
				21839E1029444D4C00307F63 /* ProfileViewController.swift */,
				218D58ED2949E274004EE4B6 /* ProfileViewController+Extension.swift */,
				218B919B2948A10E009E6FFE /* UserProfileView.swift */,
			);
			path = Profile;
			sourceTree = "<group>";
		};
		2188A7FD29436C2D00161145 /* Repository */ = {
			isa = PBXGroup;
			children = (
				21E92AEB29431A260034357B /* RepositoryResponse.swift */,
				2188A7F529436B7F00161145 /* RepositoryPermission.swift */,
				2188A7F729436B9B00161145 /* RepositoryParent.swift */,
				2188A7F129436B4400161145 /* RepositoryLisense.swift */,
				2188A7F329436B5A00161145 /* RepositoryOrganization.swift */,
				2188A7F929436BB300161145 /* RepositoryOwner.swift */,
			);
			path = Repository;
			sourceTree = "<group>";
		};
		2188A7FE29436C3600161145 /* User */ = {
			isa = PBXGroup;
			children = (
				2188A7EB294358A300161145 /* Authorization.swift */,
				2188A7FB29436C0D00161145 /* UserPlan.swift */,
				21E92AE4294310540034357B /* UserResponse.swift */,
			);
			path = User;
			sourceTree = "<group>";
		};
		2188A7FF29436C6D00161145 /* Search */ = {
			isa = PBXGroup;
			children = (
				21E92AF62943245B0034357B /* SearchRepositoriesItem.swift */,
				21E92AF82943246E0034357B /* SearchRepositoriesOwner.swift */,
				21E92AFA294324880034357B /* SearchRepositoriesResponse.swift */,
			);
			path = Search;
			sourceTree = "<group>";
		};
		218B919F2948E592009E6FFE /* Common */ = {
			isa = PBXGroup;
			children = (
				218B919729483E2E009E6FFE /* RepositoryTableViewCell.swift */,
				218B919529483DBA009E6FFE /* Repository.swift */,
				218D58E92949E09D004EE4B6 /* User.swift */,
			);
			path = Common;
			sourceTree = "<group>";
		};
		21FD54B42941687300A26685 = {
			isa = PBXGroup;
			children = (
				21FD54BF2941687400A26685 /* GithubApp */,
				21FD54BE2941687400A26685 /* Products */,
			);
			sourceTree = "<group>";
		};
		21FD54BE2941687400A26685 /* Products */ = {
			isa = PBXGroup;
			children = (
				21FD54BD2941687400A26685 /* GithubApp.app */,
			);
			name = Products;
			sourceTree = "<group>";
		};
		21FD54BF2941687400A26685 /* GithubApp */ = {
			isa = PBXGroup;
			children = (
				21FD54D429416A7500A26685 /* Screen */,
				21FD54D629416A8700A26685 /* Model */,
				21FD54D529416A7B00A26685 /* Global */,
				21FD54CE2941687500A26685 /* Info.plist */,
				2188A7ED29435D7600161145 /* ClientInfo.plist */,
			);
			path = GithubApp;
			sourceTree = "<group>";
		};
		21FD54D429416A7500A26685 /* Screen */ = {
			isa = PBXGroup;
			children = (
				218B919F2948E592009E6FFE /* Common */,
				21839E0E29444D3A00307F63 /* Search */,
				21839E0F29444D3F00307F63 /* Profile */,
				21FD54DE29416B5000A26685 /* Main */,
			);
			path = Screen;
			sourceTree = "<group>";
		};
		21FD54D529416A7B00A26685 /* Global */ = {
			isa = PBXGroup;
			children = (
				21FD54D729416ABA00A26685 /* Literal */,
				21FD54D829416AC100A26685 /* Extension */,
				21FD54DA29416AE100A26685 /* Service */,
				21FD54D929416ACE00A26685 /* Support */,
				21FD54DC29416AE700A26685 /* Base */,
				21FD54DB29416AE400A26685 /* Resource */,
			);
			path = Global;
			sourceTree = "<group>";
		};
		21FD54D629416A8700A26685 /* Model */ = {
			isa = PBXGroup;
			children = (
				2188A7FF29436C6D00161145 /* Search */,
				2188A7FE29436C3600161145 /* User */,
				2188A7FD29436C2D00161145 /* Repository */,
			);
			path = Model;
			sourceTree = "<group>";
		};
		21FD54D729416ABA00A26685 /* Literal */ = {
			isa = PBXGroup;
			children = (
				21839E0C29444C3900307F63 /* ImageLiteral.swift */,
			);
			path = Literal;
			sourceTree = "<group>";
		};
		21FD54D829416AC100A26685 /* Extension */ = {
			isa = PBXGroup;
			children = (
				2188A7EF29435DEE00161145 /* GithubApp++Bundle.swift */,
				21AF7D2329448FEA00510F32 /* UIColor+Extension.swift */,
			);
			path = Extension;
			sourceTree = "<group>";
		};
		21FD54D929416ACE00A26685 /* Support */ = {
			isa = PBXGroup;
			children = (
				21FD54C02941687400A26685 /* AppDelegate.swift */,
				21FD54C22941687400A26685 /* SceneDelegate.swift */,
			);
			path = Support;
			sourceTree = "<group>";
		};
		21FD54DA29416AE100A26685 /* Service */ = {
			isa = PBXGroup;
			children = (
				21FD54DF2941CE2400A26685 /* GithubManager.swift */,
				214B4BAA2948FCC300273AB8 /* LoginManager.swift */,
				21E92AE22942B0F00034357B /* KeychainManager.swift */,
			);
			path = Service;
			sourceTree = "<group>";
		};
		21FD54DB29416AE400A26685 /* Resource */ = {
			isa = PBXGroup;
			children = (
				21FD54C62941687400A26685 /* Main.storyboard */,
				21FD54C92941687500A26685 /* Assets.xcassets */,
				21FD54CB2941687500A26685 /* LaunchScreen.storyboard */,
			);
			path = Resource;
			sourceTree = "<group>";
		};
		21FD54DC29416AE700A26685 /* Base */ = {
			isa = PBXGroup;
			children = (
				2188A7E92943569C00161145 /* BaseViewController.swift */,
				218B919929483E63009E6FFE /* BaseTableViewCell.swift */,
			);
			path = Base;
			sourceTree = "<group>";
		};
		21FD54DE29416B5000A26685 /* Main */ = {
			isa = PBXGroup;
			children = (
				21839E082944258B00307F63 /* MainTabViewController.swift */,
				21839E1429444F5000307F63 /* LoginLogoutButton.swift */,
			);
			path = Main;
			sourceTree = "<group>";
		};
/* End PBXGroup section */

/* Begin PBXNativeTarget section */
		21FD54BC2941687300A26685 /* GithubApp */ = {
			isa = PBXNativeTarget;
			buildConfigurationList = 21FD54D12941687500A26685 /* Build configuration list for PBXNativeTarget "GithubApp" */;
			buildPhases = (
				21FD54B92941687300A26685 /* Sources */,
				21FD54BA2941687300A26685 /* Frameworks */,
				21FD54BB2941687300A26685 /* Resources */,
			);
			buildRules = (
			);
			dependencies = (
			);
			name = GithubApp;
			packageProductDependencies = (
				21FD54E22941D17600A26685 /* SnapKit */,
				21E92AE02942B04B0034357B /* Alamofire */,
				214B4BAD2949007400273AB8 /* RxCocoa */,
				214B4BAF2949007400273AB8 /* RxSwift */,
			);
			productName = GithubApp;
			productReference = 21FD54BD2941687400A26685 /* GithubApp.app */;
			productType = "com.apple.product-type.application";
		};
/* End PBXNativeTarget section */

/* Begin PBXProject section */
		21FD54B52941687300A26685 /* Project object */ = {
			isa = PBXProject;
			attributes = {
				BuildIndependentTargetsInParallel = 1;
				LastSwiftUpdateCheck = 1410;
				LastUpgradeCheck = 1410;
				TargetAttributes = {
					21FD54BC2941687300A26685 = {
						CreatedOnToolsVersion = 14.1;
					};
				};
			};
			buildConfigurationList = 21FD54B82941687300A26685 /* Build configuration list for PBXProject "GithubApp" */;
			compatibilityVersion = "Xcode 14.0";
			developmentRegion = en;
			hasScannedForEncodings = 0;
			knownRegions = (
				en,
				Base,
			);
			mainGroup = 21FD54B42941687300A26685;
			packageReferences = (
				21FD54E12941D17600A26685 /* XCRemoteSwiftPackageReference "SnapKit" */,
				21E92ADF2942B04B0034357B /* XCRemoteSwiftPackageReference "Alamofire" */,
				214B4BAC2949007400273AB8 /* XCRemoteSwiftPackageReference "RxSwift" */,
			);
			productRefGroup = 21FD54BE2941687400A26685 /* Products */;
			projectDirPath = "";
			projectRoot = "";
			targets = (
				21FD54BC2941687300A26685 /* GithubApp */,
			);
		};
/* End PBXProject section */

/* Begin PBXResourcesBuildPhase section */
		21FD54BB2941687300A26685 /* Resources */ = {
			isa = PBXResourcesBuildPhase;
			buildActionMask = 2147483647;
			files = (
				21FD54CD2941687500A26685 /* LaunchScreen.storyboard in Resources */,
				2188A7EE29435D7600161145 /* ClientInfo.plist in Resources */,
				21FD54CA2941687500A26685 /* Assets.xcassets in Resources */,
				21FD54C82941687400A26685 /* Main.storyboard in Resources */,
			);
			runOnlyForDeploymentPostprocessing = 0;
		};
/* End PBXResourcesBuildPhase section */

/* Begin PBXSourcesBuildPhase section */
		21FD54B92941687300A26685 /* Sources */ = {
			isa = PBXSourcesBuildPhase;
			buildActionMask = 2147483647;
			files = (
				21839E1529444F5000307F63 /* LoginLogoutButton.swift in Sources */,
				21E92AF129431A260034357B /* RepositoryResponse.swift in Sources */,
				21E92AF92943246E0034357B /* SearchRepositoriesOwner.swift in Sources */,
				2188A7F629436B7F00161145 /* RepositoryPermission.swift in Sources */,
				21839E0D29444C3900307F63 /* ImageLiteral.swift in Sources */,
				21E92AF72943245B0034357B /* SearchRepositoriesItem.swift in Sources */,
				21E92AFB294324880034357B /* SearchRepositoriesResponse.swift in Sources */,
				218D58EC2949E0B0004EE4B6 /* SearchViewController+Extension.swift in Sources */,
				21839E092944258B00307F63 /* MainTabViewController.swift in Sources */,
				218D58EA2949E09D004EE4B6 /* User.swift in Sources */,
				2188A7F429436B5A00161145 /* RepositoryOrganization.swift in Sources */,
				2188A7EA2943569C00161145 /* BaseViewController.swift in Sources */,
				218B919629483DBA009E6FFE /* Repository.swift in Sources */,
				2188A7EC294358A300161145 /* Authorization.swift in Sources */,
				218B919829483E2E009E6FFE /* RepositoryTableViewCell.swift in Sources */,
				21FD54E02941CE2400A26685 /* GithubManager.swift in Sources */,
				2188A7FC29436C0D00161145 /* UserPlan.swift in Sources */,
				21E92AE32942B0F00034357B /* KeychainManager.swift in Sources */,
				21839E1129444D4C00307F63 /* ProfileViewController.swift in Sources */,
				2188A7F029435DEE00161145 /* GithubApp++Bundle.swift in Sources */,
				21FD54C12941687400A26685 /* AppDelegate.swift in Sources */,
				21839E1329444D5500307F63 /* SearchViewController.swift in Sources */,
				218B919C2948A10E009E6FFE /* UserProfileView.swift in Sources */,
				21E92AE5294310540034357B /* UserResponse.swift in Sources */,
				218D58EE2949E274004EE4B6 /* ProfileViewController+Extension.swift in Sources */,
				214B4BAB2948FCC300273AB8 /* LoginManager.swift in Sources */,
				2188A7F229436B4400161145 /* RepositoryLisense.swift in Sources */,
				21FD54C32941687400A26685 /* SceneDelegate.swift in Sources */,
				21AF7D2429448FEA00510F32 /* UIColor+Extension.swift in Sources */,
				2188A7F829436B9B00161145 /* RepositoryParent.swift in Sources */,
				218B919A29483E63009E6FFE /* BaseTableViewCell.swift in Sources */,
				2188A7FA29436BB300161145 /* RepositoryOwner.swift in Sources */,
			);
			runOnlyForDeploymentPostprocessing = 0;
		};
/* End PBXSourcesBuildPhase section */

/* Begin PBXVariantGroup section */
		21FD54C62941687400A26685 /* Main.storyboard */ = {
			isa = PBXVariantGroup;
			children = (
				21FD54C72941687400A26685 /* Base */,
			);
			name = Main.storyboard;
			sourceTree = "<group>";
		};
		21FD54CB2941687500A26685 /* LaunchScreen.storyboard */ = {
			isa = PBXVariantGroup;
			children = (
				21FD54CC2941687500A26685 /* Base */,
			);
			name = LaunchScreen.storyboard;
			sourceTree = "<group>";
		};
/* End PBXVariantGroup section */

/* Begin XCBuildConfiguration section */
		21FD54CF2941687500A26685 /* Debug */ = {
			isa = XCBuildConfiguration;
			buildSettings = {
				ALWAYS_SEARCH_USER_PATHS = NO;
				CLANG_ANALYZER_NONNULL = YES;
				CLANG_ANALYZER_NUMBER_OBJECT_CONVERSION = YES_AGGRESSIVE;
				CLANG_CXX_LANGUAGE_STANDARD = "gnu++20";
				CLANG_ENABLE_MODULES = YES;
				CLANG_ENABLE_OBJC_ARC = YES;
				CLANG_ENABLE_OBJC_WEAK = YES;
				CLANG_WARN_BLOCK_CAPTURE_AUTORELEASING = YES;
				CLANG_WARN_BOOL_CONVERSION = YES;
				CLANG_WARN_COMMA = YES;
				CLANG_WARN_CONSTANT_CONVERSION = YES;
				CLANG_WARN_DEPRECATED_OBJC_IMPLEMENTATIONS = YES;
				CLANG_WARN_DIRECT_OBJC_ISA_USAGE = YES_ERROR;
				CLANG_WARN_DOCUMENTATION_COMMENTS = YES;
				CLANG_WARN_EMPTY_BODY = YES;
				CLANG_WARN_ENUM_CONVERSION = YES;
				CLANG_WARN_INFINITE_RECURSION = YES;
				CLANG_WARN_INT_CONVERSION = YES;
				CLANG_WARN_NON_LITERAL_NULL_CONVERSION = YES;
				CLANG_WARN_OBJC_IMPLICIT_RETAIN_SELF = YES;
				CLANG_WARN_OBJC_LITERAL_CONVERSION = YES;
				CLANG_WARN_OBJC_ROOT_CLASS = YES_ERROR;
				CLANG_WARN_QUOTED_INCLUDE_IN_FRAMEWORK_HEADER = YES;
				CLANG_WARN_RANGE_LOOP_ANALYSIS = YES;
				CLANG_WARN_STRICT_PROTOTYPES = YES;
				CLANG_WARN_SUSPICIOUS_MOVE = YES;
				CLANG_WARN_UNGUARDED_AVAILABILITY = YES_AGGRESSIVE;
				CLANG_WARN_UNREACHABLE_CODE = YES;
				CLANG_WARN__DUPLICATE_METHOD_MATCH = YES;
				COPY_PHASE_STRIP = NO;
				DEBUG_INFORMATION_FORMAT = dwarf;
				ENABLE_STRICT_OBJC_MSGSEND = YES;
				ENABLE_TESTABILITY = YES;
				GCC_C_LANGUAGE_STANDARD = gnu11;
				GCC_DYNAMIC_NO_PIC = NO;
				GCC_NO_COMMON_BLOCKS = YES;
				GCC_OPTIMIZATION_LEVEL = 0;
				GCC_PREPROCESSOR_DEFINITIONS = (
					"DEBUG=1",
					"$(inherited)",
				);
				GCC_WARN_64_TO_32_BIT_CONVERSION = YES;
				GCC_WARN_ABOUT_RETURN_TYPE = YES_ERROR;
				GCC_WARN_UNDECLARED_SELECTOR = YES;
				GCC_WARN_UNINITIALIZED_AUTOS = YES_AGGRESSIVE;
				GCC_WARN_UNUSED_FUNCTION = YES;
				GCC_WARN_UNUSED_VARIABLE = YES;
				IPHONEOS_DEPLOYMENT_TARGET = 16.1;
				MTL_ENABLE_DEBUG_INFO = INCLUDE_SOURCE;
				MTL_FAST_MATH = YES;
				ONLY_ACTIVE_ARCH = YES;
				SDKROOT = iphoneos;
				SWIFT_ACTIVE_COMPILATION_CONDITIONS = DEBUG;
				SWIFT_OPTIMIZATION_LEVEL = "-Onone";
			};
			name = Debug;
		};
		21FD54D02941687500A26685 /* Release */ = {
			isa = XCBuildConfiguration;
			buildSettings = {
				ALWAYS_SEARCH_USER_PATHS = NO;
				CLANG_ANALYZER_NONNULL = YES;
				CLANG_ANALYZER_NUMBER_OBJECT_CONVERSION = YES_AGGRESSIVE;
				CLANG_CXX_LANGUAGE_STANDARD = "gnu++20";
				CLANG_ENABLE_MODULES = YES;
				CLANG_ENABLE_OBJC_ARC = YES;
				CLANG_ENABLE_OBJC_WEAK = YES;
				CLANG_WARN_BLOCK_CAPTURE_AUTORELEASING = YES;
				CLANG_WARN_BOOL_CONVERSION = YES;
				CLANG_WARN_COMMA = YES;
				CLANG_WARN_CONSTANT_CONVERSION = YES;
				CLANG_WARN_DEPRECATED_OBJC_IMPLEMENTATIONS = YES;
				CLANG_WARN_DIRECT_OBJC_ISA_USAGE = YES_ERROR;
				CLANG_WARN_DOCUMENTATION_COMMENTS = YES;
				CLANG_WARN_EMPTY_BODY = YES;
				CLANG_WARN_ENUM_CONVERSION = YES;
				CLANG_WARN_INFINITE_RECURSION = YES;
				CLANG_WARN_INT_CONVERSION = YES;
				CLANG_WARN_NON_LITERAL_NULL_CONVERSION = YES;
				CLANG_WARN_OBJC_IMPLICIT_RETAIN_SELF = YES;
				CLANG_WARN_OBJC_LITERAL_CONVERSION = YES;
				CLANG_WARN_OBJC_ROOT_CLASS = YES_ERROR;
				CLANG_WARN_QUOTED_INCLUDE_IN_FRAMEWORK_HEADER = YES;
				CLANG_WARN_RANGE_LOOP_ANALYSIS = YES;
				CLANG_WARN_STRICT_PROTOTYPES = YES;
				CLANG_WARN_SUSPICIOUS_MOVE = YES;
				CLANG_WARN_UNGUARDED_AVAILABILITY = YES_AGGRESSIVE;
				CLANG_WARN_UNREACHABLE_CODE = YES;
				CLANG_WARN__DUPLICATE_METHOD_MATCH = YES;
				COPY_PHASE_STRIP = NO;
				DEBUG_INFORMATION_FORMAT = "dwarf-with-dsym";
				ENABLE_NS_ASSERTIONS = NO;
				ENABLE_STRICT_OBJC_MSGSEND = YES;
				GCC_C_LANGUAGE_STANDARD = gnu11;
				GCC_NO_COMMON_BLOCKS = YES;
				GCC_WARN_64_TO_32_BIT_CONVERSION = YES;
				GCC_WARN_ABOUT_RETURN_TYPE = YES_ERROR;
				GCC_WARN_UNDECLARED_SELECTOR = YES;
				GCC_WARN_UNINITIALIZED_AUTOS = YES_AGGRESSIVE;
				GCC_WARN_UNUSED_FUNCTION = YES;
				GCC_WARN_UNUSED_VARIABLE = YES;
				IPHONEOS_DEPLOYMENT_TARGET = 16.1;
				MTL_ENABLE_DEBUG_INFO = NO;
				MTL_FAST_MATH = YES;
				SDKROOT = iphoneos;
				SWIFT_COMPILATION_MODE = wholemodule;
				SWIFT_OPTIMIZATION_LEVEL = "-O";
				VALIDATE_PRODUCT = YES;
			};
			name = Release;
		};
		21FD54D22941687500A26685 /* Debug */ = {
			isa = XCBuildConfiguration;
			buildSettings = {
				ASSETCATALOG_COMPILER_APPICON_NAME = AppIcon;
				ASSETCATALOG_COMPILER_GLOBAL_ACCENT_COLOR_NAME = AccentColor;
				CODE_SIGN_STYLE = Automatic;
				CURRENT_PROJECT_VERSION = 1;
				DEVELOPMENT_TEAM = AJK25G55CT;
				GENERATE_INFOPLIST_FILE = YES;
				INFOPLIST_FILE = GithubApp/Info.plist;
				INFOPLIST_KEY_UIApplicationSupportsIndirectInputEvents = YES;
				INFOPLIST_KEY_UILaunchStoryboardName = LaunchScreen;
				INFOPLIST_KEY_UIMainStoryboardFile = Main;
				INFOPLIST_KEY_UISupportedInterfaceOrientations_iPad = "UIInterfaceOrientationPortrait UIInterfaceOrientationPortraitUpsideDown UIInterfaceOrientationLandscapeLeft UIInterfaceOrientationLandscapeRight";
				INFOPLIST_KEY_UISupportedInterfaceOrientations_iPhone = "UIInterfaceOrientationPortrait UIInterfaceOrientationLandscapeLeft UIInterfaceOrientationLandscapeRight";
				LD_RUNPATH_SEARCH_PATHS = (
					"$(inherited)",
					"@executable_path/Frameworks",
				);
				MARKETING_VERSION = 1.0;
				PRODUCT_BUNDLE_IDENTIFIER = com.MinkyeongKo.GithubApp;
				PRODUCT_NAME = "$(TARGET_NAME)";
				SWIFT_EMIT_LOC_STRINGS = YES;
				SWIFT_VERSION = 5.0;
				TARGETED_DEVICE_FAMILY = "1,2";
			};
			name = Debug;
		};
		21FD54D32941687500A26685 /* Release */ = {
			isa = XCBuildConfiguration;
			buildSettings = {
				ASSETCATALOG_COMPILER_APPICON_NAME = AppIcon;
				ASSETCATALOG_COMPILER_GLOBAL_ACCENT_COLOR_NAME = AccentColor;
				CODE_SIGN_STYLE = Automatic;
				CURRENT_PROJECT_VERSION = 1;
				DEVELOPMENT_TEAM = AJK25G55CT;
				GENERATE_INFOPLIST_FILE = YES;
				INFOPLIST_FILE = GithubApp/Info.plist;
				INFOPLIST_KEY_UIApplicationSupportsIndirectInputEvents = YES;
				INFOPLIST_KEY_UILaunchStoryboardName = LaunchScreen;
				INFOPLIST_KEY_UIMainStoryboardFile = Main;
				INFOPLIST_KEY_UISupportedInterfaceOrientations_iPad = "UIInterfaceOrientationPortrait UIInterfaceOrientationPortraitUpsideDown UIInterfaceOrientationLandscapeLeft UIInterfaceOrientationLandscapeRight";
				INFOPLIST_KEY_UISupportedInterfaceOrientations_iPhone = "UIInterfaceOrientationPortrait UIInterfaceOrientationLandscapeLeft UIInterfaceOrientationLandscapeRight";
				LD_RUNPATH_SEARCH_PATHS = (
					"$(inherited)",
					"@executable_path/Frameworks",
				);
				MARKETING_VERSION = 1.0;
				PRODUCT_BUNDLE_IDENTIFIER = com.MinkyeongKo.GithubApp;
				PRODUCT_NAME = "$(TARGET_NAME)";
				SWIFT_EMIT_LOC_STRINGS = YES;
				SWIFT_VERSION = 5.0;
				TARGETED_DEVICE_FAMILY = "1,2";
			};
			name = Release;
		};
/* End XCBuildConfiguration section */

/* Begin XCConfigurationList section */
		21FD54B82941687300A26685 /* Build configuration list for PBXProject "GithubApp" */ = {
			isa = XCConfigurationList;
			buildConfigurations = (
				21FD54CF2941687500A26685 /* Debug */,
				21FD54D02941687500A26685 /* Release */,
			);
			defaultConfigurationIsVisible = 0;
			defaultConfigurationName = Release;
		};
		21FD54D12941687500A26685 /* Build configuration list for PBXNativeTarget "GithubApp" */ = {
			isa = XCConfigurationList;
			buildConfigurations = (
				21FD54D22941687500A26685 /* Debug */,
				21FD54D32941687500A26685 /* Release */,
			);
			defaultConfigurationIsVisible = 0;
			defaultConfigurationName = Release;
		};
/* End XCConfigurationList section */

/* Begin XCRemoteSwiftPackageReference section */
		214B4BAC2949007400273AB8 /* XCRemoteSwiftPackageReference "RxSwift" */ = {
			isa = XCRemoteSwiftPackageReference;
			repositoryURL = "https://github.com/ReactiveX/RxSwift.git";
			requirement = {
				branch = main;
				kind = branch;
			};
		};
		21E92ADF2942B04B0034357B /* XCRemoteSwiftPackageReference "Alamofire" */ = {
			isa = XCRemoteSwiftPackageReference;
			repositoryURL = "https://github.com/Alamofire/Alamofire";
			requirement = {
				branch = master;
				kind = branch;
			};
		};
		21FD54E12941D17600A26685 /* XCRemoteSwiftPackageReference "SnapKit" */ = {
			isa = XCRemoteSwiftPackageReference;
			repositoryURL = "https://github.com/SnapKit/SnapKit";
			requirement = {
				branch = develop;
				kind = branch;
			};
		};
/* End XCRemoteSwiftPackageReference section */

/* Begin XCSwiftPackageProductDependency section */
		214B4BAD2949007400273AB8 /* RxCocoa */ = {
			isa = XCSwiftPackageProductDependency;
			package = 214B4BAC2949007400273AB8 /* XCRemoteSwiftPackageReference "RxSwift" */;
			productName = RxCocoa;
		};
		214B4BAF2949007400273AB8 /* RxSwift */ = {
			isa = XCSwiftPackageProductDependency;
			package = 214B4BAC2949007400273AB8 /* XCRemoteSwiftPackageReference "RxSwift" */;
			productName = RxSwift;
		};
		21E92AE02942B04B0034357B /* Alamofire */ = {
			isa = XCSwiftPackageProductDependency;
			package = 21E92ADF2942B04B0034357B /* XCRemoteSwiftPackageReference "Alamofire" */;
			productName = Alamofire;
		};
		21FD54E22941D17600A26685 /* SnapKit */ = {
			isa = XCSwiftPackageProductDependency;
			package = 21FD54E12941D17600A26685 /* XCRemoteSwiftPackageReference "SnapKit" */;
			productName = SnapKit;
		};
/* End XCSwiftPackageProductDependency section */
	};
	rootObject = 21FD54B52941687300A26685 /* Project object */;
}
